<?xml version="1.0" encoding="utf-8"?>
<Project ToolsVersion="4.0" xmlns="http://schemas.microsoft.com/developer/msbuild/2003">
  <ItemGroup>
    <Filter Include="Resource Files">
      <UniqueIdentifier>{67DA6AB6-F800-4c08-8B7A-83BB121AAD01}</UniqueIdentifier>
      <Extensions>rc;ico;cur;bmp;dlg;rc2;rct;bin;rgs;gif;jpg;jpeg;jpe;resx;tiff;tif;png;wav;mfcribbon-ms</Extensions>
    </Filter>
    <Filter Include="Supporting Files">
      <UniqueIdentifier>{9f7ffca1-a25a-4466-ae98-370a89d34a24}</UniqueIdentifier>
    </Filter>
  </ItemGroup>
  <ItemGroup>
    <ClInclude Include="Resource.h">
      <Filter>Supporting Files</Filter>
    </ClInclude>
    <ClInclude Include="stdafx.h">
      <Filter>Supporting Files</Filter>
    </ClInclude>
    <ClInclude Include="targetver.h">
      <Filter>Supporting Files</Filter>
    </ClInclude>
    <ClInclude Include="MyApp.h" />
    <ClInclude Include="MyFrame.h" />
  </ItemGroup>
  <ItemGroup>
    <ClCompile Include="stdafx.cpp">
      <Filter>Supporting Files</Filter>
    </ClCompile>
    <ClCompile Include="MyApp.cpp" />
    <ClCompile Include="MyFrame.cpp" />
  </ItemGroup>
  <ItemGroup>
    <ResourceCompile Include="CurosWxWidgets.rc">
      <Filter>Resource Files</Filter>
    </ResourceCompile>
  </ItemGroup>
  <ItemGroup>
    <Image Include="small.ico">
      <Filter>Resource Files</Filter>
    </Image>
    <Image Include="CurosWxWidgets.ico">
      <Filter>Resource Files</Filter>
    </Image>
  </ItemGroup>
  <ItemGroup>
    <Text Include="ReadMe.txt">
      <Filter>Supporting Files</Filter>
    </Text>
  </ItemGroup>
</Project>